
Microsoft Visual Studio Solution File, Format Version 12.00
# Visual Studio Version 17
VisualStudioVersion = 17.10.35122.118
MinimumVisualStudioVersion = 10.0.40219.1
Project("{9A19103F-16F7-4668-BE54-9A1E7A4F7556}") = "BlogBackend", "Server\src\BlogBackend.csproj", "{D2DF4752-2ED7-421E-AA4D-BA7280029EBE}"
EndProject
Project("{2150E333-8FDC-42A3-9474-1A3956D46DE8}") = "tests", "tests", "{68CE3D80-2BC2-4431-AD95-85FD3C6E0FC3}"
EndProject
Project("{9A19103F-16F7-4668-BE54-9A1E7A4F7556}") = "BlogAngular.IntegrationTests", "Server\tests\BlogAngular.IntegrationTests\BlogAngular.IntegrationTests.csproj", "{9C72E14D-F0A8-4094-92DB-78C8A90C3A09}"
EndProject
Project("{2150E333-8FDC-42A3-9474-1A3956D46DE8}") = "Server", "Server", "{33FA7D1C-80D9-464D-A111-F0A195D30543}"
EndProject
Project("{2150E333-8FDC-42A3-9474-1A3956D46DE8}") = "Client", "Client", "{9934F209-D63F-4E48-8D26-C7598DB02A39}"
EndProject
Project("{FAE04EC0-301F-11D3-BF4B-00C04F79EFBC}") = "BlogAngular.UnitTests", "Server\tests\BlogAngular.UnitTests\BlogAngular.UnitTests.csproj", "{9738445C-3305-4AA9-8B90-5F3F6AF4B758}"
EndProject
Global
	GlobalSection(SolutionConfigurationPlatforms) = preSolution
		Debug|Any CPU = Debug|Any CPU
		Release|Any CPU = Release|Any CPU
	EndGlobalSection
	GlobalSection(ProjectConfigurationPlatforms) = postSolution
		{D2DF4752-2ED7-421E-AA4D-BA7280029EBE}.Debug|Any CPU.ActiveCfg = Debug|Any CPU
		{D2DF4752-2ED7-421E-AA4D-BA7280029EBE}.Debug|Any CPU.Build.0 = Debug|Any CPU
		{D2DF4752-2ED7-421E-AA4D-BA7280029EBE}.Release|Any CPU.ActiveCfg = Release|Any CPU
		{D2DF4752-2ED7-421E-AA4D-BA7280029EBE}.Release|Any CPU.Build.0 = Release|Any CPU
		{9C72E14D-F0A8-4094-92DB-78C8A90C3A09}.Debug|Any CPU.ActiveCfg = Debug|Any CPU
		{9C72E14D-F0A8-4094-92DB-78C8A90C3A09}.Debug|Any CPU.Build.0 = Debug|Any CPU
		{9C72E14D-F0A8-4094-92DB-78C8A90C3A09}.Release|Any CPU.ActiveCfg = Release|Any CPU
		{9C72E14D-F0A8-4094-92DB-78C8A90C3A09}.Release|Any CPU.Build.0 = Release|Any CPU
		{9738445C-3305-4AA9-8B90-5F3F6AF4B758}.Debug|Any CPU.ActiveCfg = Debug|Any CPU
		{9738445C-3305-4AA9-8B90-5F3F6AF4B758}.Debug|Any CPU.Build.0 = Debug|Any CPU
		{9738445C-3305-4AA9-8B90-5F3F6AF4B758}.Release|Any CPU.ActiveCfg = Release|Any CPU
		{9738445C-3305-4AA9-8B90-5F3F6AF4B758}.Release|Any CPU.Build.0 = Release|Any CPU
	EndGlobalSection
	GlobalSection(SolutionProperties) = preSolution
		HideSolutionNode = FALSE
	EndGlobalSection
	GlobalSection(NestedProjects) = preSolution
		{D2DF4752-2ED7-421E-AA4D-BA7280029EBE} = {33FA7D1C-80D9-464D-A111-F0A195D30543}
		{68CE3D80-2BC2-4431-AD95-85FD3C6E0FC3} = {33FA7D1C-80D9-464D-A111-F0A195D30543}
		{9C72E14D-F0A8-4094-92DB-78C8A90C3A09} = {68CE3D80-2BC2-4431-AD95-85FD3C6E0FC3}
		{9738445C-3305-4AA9-8B90-5F3F6AF4B758} = {68CE3D80-2BC2-4431-AD95-85FD3C6E0FC3}
	EndGlobalSection
	GlobalSection(ExtensibilityGlobals) = postSolution
		SolutionGuid = {6B2F97C3-6D33-48E7-ADAE-8E0607DB220B}
	EndGlobalSection
EndGlobal
